
Microsoft Visual Studio Solution File, Format Version 12.00
# Visual Studio Version 17
VisualStudioVersion = 17.0.31912.275
MinimumVisualStudioVersion = 10.0.40219.1
Project("{FAE04EC0-301F-11D3-BF4B-00C04F79EFBC}") = "CustomerExam", "CustomerExam\CustomerExam.csproj", "{572B9659-3724-43F4-ADDE-EAC66F9D78D6}"
EndProject
Global
	GlobalSection(SolutionConfigurationPlatforms) = preSolution
		Debug|Any CPU = Debug|Any CPU
		Release|Any CPU = Release|Any CPU
	EndGlobalSection
	GlobalSection(ProjectConfigurationPlatforms) = postSolution
		{572B9659-3724-43F4-ADDE-EAC66F9D78D6}.Debug|Any CPU.ActiveCfg = Debug|Any CPU
		{572B9659-3724-43F4-ADDE-EAC66F9D78D6}.Debug|Any CPU.Build.0 = Debug|Any CPU
		{572B9659-3724-43F4-ADDE-EAC66F9D78D6}.Release|Any CPU.ActiveCfg = Release|Any CPU
		{572B9659-3724-43F4-ADDE-EAC66F9D78D6}.Release|Any CPU.Build.0 = Release|Any CPU
	EndGlobalSection
	GlobalSection(SolutionProperties) = preSolution
		HideSolutionNode = FALSE
	EndGlobalSection
	GlobalSection(ExtensibilityGlobals) = postSolution
		SolutionGuid = {048A1ABA-F20A-450B-B6AF-257F202212E9}
	EndGlobalSection
EndGlobal
